
Microsoft Visual Studio Solution File, Format Version 12.00
# Visual Studio Version 17
VisualStudioVersion = 17.8.34309.116
MinimumVisualStudioVersion = 10.0.40219.1
Project("{FAE04EC0-301F-11D3-BF4B-00C04F79EFBC}") = "Sqrt_solutions", "Sqrt_solutions.csproj", "{22A4EB34-27A2-4AF8-8B1C-A527B2699694}"
EndProject
Global
	GlobalSection(SolutionConfigurationPlatforms) = preSolution
		Debug|Any CPU = Debug|Any CPU
		Release|Any CPU = Release|Any CPU
	EndGlobalSection
	GlobalSection(ProjectConfigurationPlatforms) = postSolution
		{22A4EB34-27A2-4AF8-8B1C-A527B2699694}.Debug|Any CPU.ActiveCfg = Debug|Any CPU
		{22A4EB34-27A2-4AF8-8B1C-A527B2699694}.Debug|Any CPU.Build.0 = Debug|Any CPU
		{22A4EB34-27A2-4AF8-8B1C-A527B2699694}.Release|Any CPU.ActiveCfg = Release|Any CPU
		{22A4EB34-27A2-4AF8-8B1C-A527B2699694}.Release|Any CPU.Build.0 = Release|Any CPU
	EndGlobalSection
	GlobalSection(SolutionProperties) = preSolution
		HideSolutionNode = FALSE
	EndGlobalSection
	GlobalSection(ExtensibilityGlobals) = postSolution
		SolutionGuid = {E59583DA-8833-475B-B60E-B807900A8090}
	EndGlobalSection
EndGlobal
